
Microsoft Visual Studio Solution File, Format Version 12.00
# Visual Studio Version 17
VisualStudioVersion = 17.14.36121.58
MinimumVisualStudioVersion = 10.0.40219.1
Project("{FAE04EC0-301F-11D3-BF4B-00C04F79EFBC}") = "SimpleConsole", "SimpleConsole\SimpleConsole.csproj", "{D8371A06-0984-4B3B-8DAC-CE11BD1AE03E}"
EndProject
Project("{FAE04EC0-301F-11D3-BF4B-00C04F79EFBC}") = "SimpleConsole.Test", "SimpleConsole.Test\SimpleConsole.Test.csproj", "{B5A37A32-E189-4538-A8E8-E1BCBBC6D20C}"
EndProject
Project("{FAE04EC0-301F-11D3-BF4B-00C04F79EFBC}") = "SimpleConsole.Test.Execution", "SimpleConsole.Test.Execution\SimpleConsole.Test.Execution.csproj", "{00BD04D4-7D24-456C-A77D-5975009299B5}"
EndProject
Global
	GlobalSection(SolutionConfigurationPlatforms) = preSolution
		Debug|Any CPU = Debug|Any CPU
		Debug|x64 = Debug|x64
		Debug|x86 = Debug|x86
		Release|Any CPU = Release|Any CPU
		Release|x64 = Release|x64
		Release|x86 = Release|x86
	EndGlobalSection
	GlobalSection(ProjectConfigurationPlatforms) = postSolution
		{D8371A06-0984-4B3B-8DAC-CE11BD1AE03E}.Debug|Any CPU.ActiveCfg = Debug|Any CPU
		{D8371A06-0984-4B3B-8DAC-CE11BD1AE03E}.Debug|Any CPU.Build.0 = Debug|Any CPU
		{D8371A06-0984-4B3B-8DAC-CE11BD1AE03E}.Debug|x64.ActiveCfg = Debug|Any CPU
		{D8371A06-0984-4B3B-8DAC-CE11BD1AE03E}.Debug|x64.Build.0 = Debug|Any CPU
		{D8371A06-0984-4B3B-8DAC-CE11BD1AE03E}.Debug|x86.ActiveCfg = Debug|Any CPU
		{D8371A06-0984-4B3B-8DAC-CE11BD1AE03E}.Debug|x86.Build.0 = Debug|Any CPU
		{D8371A06-0984-4B3B-8DAC-CE11BD1AE03E}.Release|Any CPU.ActiveCfg = Release|Any CPU
		{D8371A06-0984-4B3B-8DAC-CE11BD1AE03E}.Release|Any CPU.Build.0 = Release|Any CPU
		{D8371A06-0984-4B3B-8DAC-CE11BD1AE03E}.Release|x64.ActiveCfg = Release|Any CPU
		{D8371A06-0984-4B3B-8DAC-CE11BD1AE03E}.Release|x64.Build.0 = Release|Any CPU
		{D8371A06-0984-4B3B-8DAC-CE11BD1AE03E}.Release|x86.ActiveCfg = Release|Any CPU
		{D8371A06-0984-4B3B-8DAC-CE11BD1AE03E}.Release|x86.Build.0 = Release|Any CPU
		{B5A37A32-E189-4538-A8E8-E1BCBBC6D20C}.Debug|Any CPU.ActiveCfg = Debug|Any CPU
		{B5A37A32-E189-4538-A8E8-E1BCBBC6D20C}.Debug|Any CPU.Build.0 = Debug|Any CPU
		{B5A37A32-E189-4538-A8E8-E1BCBBC6D20C}.Debug|x64.ActiveCfg = Debug|Any CPU
		{B5A37A32-E189-4538-A8E8-E1BCBBC6D20C}.Debug|x64.Build.0 = Debug|Any CPU
		{B5A37A32-E189-4538-A8E8-E1BCBBC6D20C}.Debug|x86.ActiveCfg = Debug|Any CPU
		{B5A37A32-E189-4538-A8E8-E1BCBBC6D20C}.Debug|x86.Build.0 = Debug|Any CPU
		{B5A37A32-E189-4538-A8E8-E1BCBBC6D20C}.Release|Any CPU.ActiveCfg = Release|Any CPU
		{B5A37A32-E189-4538-A8E8-E1BCBBC6D20C}.Release|Any CPU.Build.0 = Release|Any CPU
		{B5A37A32-E189-4538-A8E8-E1BCBBC6D20C}.Release|x64.ActiveCfg = Release|Any CPU
		{B5A37A32-E189-4538-A8E8-E1BCBBC6D20C}.Release|x64.Build.0 = Release|Any CPU
		{B5A37A32-E189-4538-A8E8-E1BCBBC6D20C}.Release|x86.ActiveCfg = Release|Any CPU
		{B5A37A32-E189-4538-A8E8-E1BCBBC6D20C}.Release|x86.Build.0 = Release|Any CPU
		{00BD04D4-7D24-456C-A77D-5975009299B5}.Debug|Any CPU.ActiveCfg = Debug|Any CPU
		{00BD04D4-7D24-456C-A77D-5975009299B5}.Debug|Any CPU.Build.0 = Debug|Any CPU
		{00BD04D4-7D24-456C-A77D-5975009299B5}.Debug|x64.ActiveCfg = Debug|Any CPU
		{00BD04D4-7D24-456C-A77D-5975009299B5}.Debug|x64.Build.0 = Debug|Any CPU
		{00BD04D4-7D24-456C-A77D-5975009299B5}.Debug|x86.ActiveCfg = Debug|Any CPU
		{00BD04D4-7D24-456C-A77D-5975009299B5}.Debug|x86.Build.0 = Debug|Any CPU
		{00BD04D4-7D24-456C-A77D-5975009299B5}.Release|Any CPU.ActiveCfg = Release|Any CPU
		{00BD04D4-7D24-456C-A77D-5975009299B5}.Release|Any CPU.Build.0 = Release|Any CPU
		{00BD04D4-7D24-456C-A77D-5975009299B5}.Release|x64.ActiveCfg = Release|Any CPU
		{00BD04D4-7D24-456C-A77D-5975009299B5}.Release|x64.Build.0 = Release|Any CPU
		{00BD04D4-7D24-456C-A77D-5975009299B5}.Release|x86.ActiveCfg = Release|Any CPU
		{00BD04D4-7D24-456C-A77D-5975009299B5}.Release|x86.Build.0 = Release|Any CPU
	EndGlobalSection
	GlobalSection(SolutionProperties) = preSolution
		HideSolutionNode = FALSE
	EndGlobalSection
	GlobalSection(ExtensibilityGlobals) = postSolution
		SolutionGuid = {D4EC3849-EAE6-4103-9937-FD1B21716C81}
	EndGlobalSection
EndGlobal
